
Microsoft Visual Studio Solution File, Format Version 12.00
# Visual Studio 14
VisualStudioVersion = 14.0.25420.1
MinimumVisualStudioVersion = 10.0.40219.1
Project("{FAE04EC0-301F-11D3-BF4B-00C04F79EFBC}") = "Arcoiris", "Arcoiris\Arcoiris.csproj", "{A3EE7307-6E1F-438E-9E0A-E73D8C0EA597}"
EndProject
Project("{54435603-DBB4-11D2-8724-00A0C9A8B90C}") = "CredIns", "CredIns\CredIns.vdproj", "{A8F8672F-B5F3-4CD5-B800-1510D8B6C25E}"
EndProject
Global
	GlobalSection(SolutionConfigurationPlatforms) = preSolution
		Debug|Any CPU = Debug|Any CPU
		Release|Any CPU = Release|Any CPU
	EndGlobalSection
	GlobalSection(ProjectConfigurationPlatforms) = postSolution
		{A3EE7307-6E1F-438E-9E0A-E73D8C0EA597}.Debug|Any CPU.ActiveCfg = Debug|Any CPU
		{A3EE7307-6E1F-438E-9E0A-E73D8C0EA597}.Debug|Any CPU.Build.0 = Debug|Any CPU
		{A3EE7307-6E1F-438E-9E0A-E73D8C0EA597}.Release|Any CPU.ActiveCfg = Debug|Any CPU
		{A8F8672F-B5F3-4CD5-B800-1510D8B6C25E}.Debug|Any CPU.ActiveCfg = Debug
		{A8F8672F-B5F3-4CD5-B800-1510D8B6C25E}.Release|Any CPU.ActiveCfg = Release
	EndGlobalSection
	GlobalSection(SolutionProperties) = preSolution
		HideSolutionNode = FALSE
	EndGlobalSection
	GlobalSection(ExtensibilityGlobals) = postSolution
		SolutionGuid = {3D4AAF34-6443-4DDF-9C78-4E253F4C3793}
	EndGlobalSection
	GlobalSection(SolutionConfigurationPlatforms) = preSolution
		Debug|Any CPU = Debug|Any CPU
		Debug|Default = Debug|Default
		Release|Any CPU = Release|Any CPU
		Release|Default = Release|Default
	EndGlobalSection
	GlobalSection(SolutionConfigurationPlatforms) = preSolution
		Debug|Any CPU = Debug|Any CPU
		Debug|Default = Debug|Default
		Release|Any CPU = Release|Any CPU
		Release|Default = Release|Default
	EndGlobalSection
EndGlobal
